PODS:
  - Flutter (1.0.0)
  - shared (1.0)

DEPENDENCIES:
  - Flutter (from `Flutter`)
  - shared (from `../kmp/shared`)

EXTERNAL SOURCES:
  Flutter:
    :path: Flutter
  shared:
    :path: "../kmp/shared"

SPEC CHECKSUMS:
  Flutter: e0871f40cf51350855a761d2e70bf5af5b9b5de7
  shared: f46e69b6fa44f298fd5cfc1d321a26677f01bef7

PODFILE CHECKSUM: dcee2176c09a9ce8a6dbd85dc666bbde77d8a1ca

COCOAPODS: 1.16.2
