PODS:
  - common (1.0.0)
  - Flutter (1.0.0)

DEPENDENCIES:
  - common (from `../android/common`)
  - Flutter (from `.symlinks/flutter/ios`)

EXTERNAL SOURCES:
  common:
    :path: "../android/common"
  Flutter:
    :path: ".symlinks/flutter/ios"

SPEC CHECKSUMS:
  common: 19e57d9e410cd8fb5f6b43f55dbf30c81cb96348
  Flutter: 0e3d915762c693b495b44d77113d4970485de6ec

PODFILE CHECKSUM: 71217fbe66293185fbef5b885fe9bae97b91c1fb

COCOAPODS: 1.8.4
